
Microsoft Visual Studio Solution File, Format Version 12.00
# Visual Studio Version 16
VisualStudioVersion = 16.0.30517.126
MinimumVisualStudioVersion = 10.0.40219.1
Project("{FAE04EC0-301F-11D3-BF4B-00C04F79EFBC}") = "mcpugolabs.CurrencyTest2.Presentation", "mcpugolabs.CurrencyTest2.Presentation\mcpugolabs.CurrencyTest2.Presentation.csproj", "{B032E078-2DFA-4F84-A812-63D4A4F1A531}"
EndProject
Global
	GlobalSection(SolutionConfigurationPlatforms) = preSolution
		Debug|Any CPU = Debug|Any CPU
		Release|Any CPU = Release|Any CPU
	EndGlobalSection
	GlobalSection(ProjectConfigurationPlatforms) = postSolution
		{B032E078-2DFA-4F84-A812-63D4A4F1A531}.Debug|Any CPU.ActiveCfg = Debug|Any CPU
		{B032E078-2DFA-4F84-A812-63D4A4F1A531}.Debug|Any CPU.Build.0 = Debug|Any CPU
		{B032E078-2DFA-4F84-A812-63D4A4F1A531}.Release|Any CPU.ActiveCfg = Release|Any CPU
		{B032E078-2DFA-4F84-A812-63D4A4F1A531}.Release|Any CPU.Build.0 = Release|Any CPU
	EndGlobalSection
	GlobalSection(SolutionProperties) = preSolution
		HideSolutionNode = FALSE
	EndGlobalSection
	GlobalSection(ExtensibilityGlobals) = postSolution
		SolutionGuid = {A2232FF8-82DE-48F4-91F9-4B5C030EC7BA}
	EndGlobalSection
EndGlobal
